// !$*UTF8*$!
{
	archiveVersion = 1;
	classes = {
	};
	objectVersion = 46;
	objects = {

/* Begin PBXBuildFile section */
		0042E55D1C699B0E003725CC /* AppDelegate.swift in Sources */ = {isa = PBXBuildFile; fileRef = 0042E55C1C699B0E003725CC /* AppDelegate.swift */; };
		0042E5611C699B0E003725CC /* DetailViewController.swift in Sources */ = {isa = PBXBuildFile; fileRef = 0042E5601C699B0E003725CC /* DetailViewController.swift */; };
		0042E5641C699B0E003725CC /* Main.storyboard in Resources */ = {isa = PBXBuildFile; fileRef = 0042E5621C699B0E003725CC /* Main.storyboard */; };
		0042E5661C699B0E003725CC /* Assets.xcassets in Resources */ = {isa = PBXBuildFile; fileRef = 0042E5651C699B0E003725CC /* Assets.xcassets */; };
		0042E5691C699B0E003725CC /* LaunchScreen.storyboard in Resources */ = {isa = PBXBuildFile; fileRef = 0042E5671C699B0E003725CC /* LaunchScreen.storyboard */; };
		0042E5711C699C50003725CC /* MasterCollectionViewController.swift in Sources */ = {isa = PBXBuildFile; fileRef = 0042E5701C699C50003725CC /* MasterCollectionViewController.swift */; };
		0042E5731C69A005003725CC /* MobileCoreServices.framework in Frameworks */ = {isa = PBXBuildFile; fileRef = 0042E5721C69A005003725CC /* MobileCoreServices.framework */; };
		0042E5751C69A014003725CC /* CoreSpotlight.framework in Frameworks */ = {isa = PBXBuildFile; fileRef = 0042E5741C69A014003725CC /* CoreSpotlight.framework */; };
		0042E5771C69BA79003725CC /* PostCollectionViewCell.swift in Sources */ = {isa = PBXBuildFile; fileRef = 0042E5761C69BA79003725CC /* PostCollectionViewCell.swift */; };
		0065DC9B1C6AF8310092D7B5 /* StarWars.swift in Sources */ = {isa = PBXBuildFile; fileRef = 0065DC9A1C6AF8310092D7B5 /* StarWars.swift */; };
		00F3F28B1C6E2E1B00C283A5 /* PhunwareTestSwiftUITests.swift in Sources */ = {isa = PBXBuildFile; fileRef = 00F3F28A1C6E2E1B00C283A5 /* PhunwareTestSwiftUITests.swift */; };
		00F3F29C1C6E2E6F00C283A5 /* PhunwareTestSwiftTests.swift in Sources */ = {isa = PBXBuildFile; fileRef = 00F3F29B1C6E2E6F00C283A5 /* PhunwareTestSwiftTests.swift */; };
		00F3F2A91C6E372A00C283A5 /* FeedAPI.swift in Sources */ = {isa = PBXBuildFile; fileRef = 00F3F2A81C6E372A00C283A5 /* FeedAPI.swift */; };
		00F3F2B11C6E89FE00C283A5 /* UIImageView+AFNetworking.swift in Sources */ = {isa = PBXBuildFile; fileRef = 00F3F2B01C6E89FE00C283A5 /* UIImageView+AFNetworking.swift */; };
		00F3F2B31C6EC0F000C283A5 /* Social.framework in Frameworks */ = {isa = PBXBuildFile; fileRef = 00F3F2B21C6EC0EF00C283A5 /* Social.framework */; };
		00F3F2B51C6EC0F500C283A5 /* Accounts.framework in Frameworks */ = {isa = PBXBuildFile; fileRef = 00F3F2B41C6EC0F500C283A5 /* Accounts.framework */; };
		00F3F2B71C6EC0FB00C283A5 /* MessageUI.framework in Frameworks */ = {isa = PBXBuildFile; fileRef = 00F3F2B61C6EC0FB00C283A5 /* MessageUI.framework */; };
		00F3F2C11C6ECEFE00C283A5 /* GMHudView.m in Sources */ = {isa = PBXBuildFile; fileRef = 00F3F2BC1C6ECEFE00C283A5 /* GMHudView.m */; };
		00F3F2C21C6ECEFE00C283A5 /* GMHUDWindow.m in Sources */ = {isa = PBXBuildFile; fileRef = 00F3F2BE1C6ECEFE00C283A5 /* GMHUDWindow.m */; };
		00F3F2C31C6ECEFE00C283A5 /* GMHUDWindowViewController.m in Sources */ = {isa = PBXBuildFile; fileRef = 00F3F2C01C6ECEFE00C283A5 /* GMHUDWindowViewController.m */; };
		00F3F2C51C6ED6E100C283A5 /* ViewControllerSpec.swift in Sources */ = {isa = PBXBuildFile; fileRef = 00F3F2C41C6ED6E100C283A5 /* ViewControllerSpec.swift */; };
		00F3F2C71C6ED81E00C283A5 /* Quick.framework in Frameworks */ = {isa = PBXBuildFile; fileRef = 00F3F2C61C6ED81E00C283A5 /* Quick.framework */; };
		A8AF9ADF607FC7B4AFFC28CF /* Pods_PhunwareTestSwift.framework in Frameworks */ = {isa = PBXBuildFile; fileRef = 768901F50013C2959228E296 /* Pods_PhunwareTestSwift.framework */; settings = {ATTRIBUTES = (Weak, ); }; };
		D99EB1B99128934AC0AC3778 /* Pods_PhunwareTestSwiftTests.framework in Frameworks */ = {isa = PBXBuildFile; fileRef = AE1FFFB6F2B4E968C61F2294 /* Pods_PhunwareTestSwiftTests.framework */; settings = {ATTRIBUTES = (Weak, ); }; };
/* End PBXBuildFile section */

/* Begin PBXContainerItemProxy section */
		00F3F28D1C6E2E1B00C283A5 /* PBXContainerItemProxy */ = {
			isa = PBXContainerItemProxy;
			containerPortal = 0042E5511C699B0E003725CC /* Project object */;
			proxyType = 1;
			remoteGlobalIDString = 0042E5581C699B0E003725CC;
			remoteInfo = PhunwareTestSwift;
		};
		00F3F29E1C6E2E6F00C283A5 /* PBXContainerItemProxy */ = {
			isa = PBXContainerItemProxy;
			containerPortal = 0042E5511C699B0E003725CC /* Project object */;
			proxyType = 1;
			remoteGlobalIDString = 0042E5581C699B0E003725CC;
			remoteInfo = PhunwareTestSwift;
		};
/* End PBXContainerItemProxy section */

/* Begin PBXFileReference section */
		0042E5591C699B0E003725CC /* PhunwareTestSwift.app */ = {isa = PBXFileReference; explicitFileType = wrapper.application; includeInIndex = 0; path = PhunwareTestSwift.app; sourceTree = BUILT_PRODUCTS_DIR; };
		0042E55C1C699B0E003725CC /* AppDelegate.swift */ = {isa = PBXFileReference; lastKnownFileType = sourcecode.swift; path = AppDelegate.swift; sourceTree = "<group>"; };
		0042E5601C699B0E003725CC /* DetailViewController.swift */ = {isa = PBXFileReference; lastKnownFileType = sourcecode.swift; path = DetailViewController.swift; sourceTree = "<group>"; };
		0042E5631C699B0E003725CC /* Base */ = {isa = PBXFileReference; lastKnownFileType = file.storyboard; name = Base; path = Base.lproj/Main.storyboard; sourceTree = "<group>"; };
		0042E5651C699B0E003725CC /* Assets.xcassets */ = {isa = PBXFileReference; lastKnownFileType = folder.assetcatalog; path = Assets.xcassets; sourceTree = "<group>"; };
		0042E5681C699B0E003725CC /* Base */ = {isa = PBXFileReference; lastKnownFileType = file.storyboard; name = Base; path = Base.lproj/LaunchScreen.storyboard; sourceTree = "<group>"; };
		0042E56A1C699B0E003725CC /* Info.plist */ = {isa = PBXFileReference; lastKnownFileType = text.plist.xml; path = Info.plist; sourceTree = "<group>"; };
		0042E5701C699C50003725CC /* MasterCollectionViewController.swift */ = {isa = PBXFileReference; fileEncoding = 4; lastKnownFileType = sourcecode.swift; path = MasterCollectionViewController.swift; sourceTree = "<group>"; };
		0042E5721C69A005003725CC /* MobileCoreServices.framework */ = {isa = PBXFileReference; lastKnownFileType = wrapper.framework; name = MobileCoreServices.framework; path = System/Library/Frameworks/MobileCoreServices.framework; sourceTree = SDKROOT; };
		0042E5741C69A014003725CC /* CoreSpotlight.framework */ = {isa = PBXFileReference; lastKnownFileType = wrapper.framework; name = CoreSpotlight.framework; path = System/Library/Frameworks/CoreSpotlight.framework; sourceTree = SDKROOT; };
		0042E5761C69BA79003725CC /* PostCollectionViewCell.swift */ = {isa = PBXFileReference; fileEncoding = 4; lastKnownFileType = sourcecode.swift; path = PostCollectionViewCell.swift; sourceTree = "<group>"; };
		0065DC9A1C6AF8310092D7B5 /* StarWars.swift */ = {isa = PBXFileReference; fileEncoding = 4; lastKnownFileType = sourcecode.swift; path = StarWars.swift; sourceTree = "<group>"; };
		00F3F2881C6E2E1B00C283A5 /* PhunwareTestSwiftUITests.xctest */ = {isa = PBXFileReference; explicitFileType = wrapper.cfbundle; includeInIndex = 0; path = PhunwareTestSwiftUITests.xctest; sourceTree = BUILT_PRODUCTS_DIR; };
		00F3F28A1C6E2E1B00C283A5 /* PhunwareTestSwiftUITests.swift */ = {isa = PBXFileReference; lastKnownFileType = sourcecode.swift; path = PhunwareTestSwiftUITests.swift; sourceTree = "<group>"; };
		00F3F28C1C6E2E1B00C283A5 /* Info.plist */ = {isa = PBXFileReference; lastKnownFileType = text.plist.xml; path = Info.plist; sourceTree = "<group>"; };
		00F3F2991C6E2E6F00C283A5 /* PhunwareTestSwiftTests.xctest */ = {isa = PBXFileReference; explicitFileType = wrapper.cfbundle; includeInIndex = 0; path = PhunwareTestSwiftTests.xctest; sourceTree = BUILT_PRODUCTS_DIR; };
		00F3F29B1C6E2E6F00C283A5 /* PhunwareTestSwiftTests.swift */ = {isa = PBXFileReference; lastKnownFileType = sourcecode.swift; path = PhunwareTestSwiftTests.swift; sourceTree = "<group>"; };
		00F3F29D1C6E2E6F00C283A5 /* Info.plist */ = {isa = PBXFileReference; lastKnownFileType = text.plist.xml; path = Info.plist; sourceTree = "<group>"; };
		00F3F2A81C6E372A00C283A5 /* FeedAPI.swift */ = {isa = PBXFileReference; fileEncoding = 4; lastKnownFileType = sourcecode.swift; path = FeedAPI.swift; sourceTree = "<group>"; };
		00F3F2B01C6E89FE00C283A5 /* UIImageView+AFNetworking.swift */ = {isa = PBXFileReference; fileEncoding = 4; lastKnownFileType = sourcecode.swift; path = "UIImageView+AFNetworking.swift"; sourceTree = "<group>"; };
		00F3F2B21C6EC0EF00C283A5 /* Social.framework */ = {isa = PBXFileReference; lastKnownFileType = wrapper.framework; name = Social.framework; path = System/Library/Frameworks/Social.framework; sourceTree = SDKROOT; };
		00F3F2B41C6EC0F500C283A5 /* Accounts.framework */ = {isa = PBXFileReference; lastKnownFileType = wrapper.framework; name = Accounts.framework; path = System/Library/Frameworks/Accounts.framework; sourceTree = SDKROOT; };
		00F3F2B61C6EC0FB00C283A5 /* MessageUI.framework */ = {isa = PBXFileReference; lastKnownFileType = wrapper.framework; name = MessageUI.framework; path = System/Library/Frameworks/MessageUI.framework; sourceTree = SDKROOT; };
		00F3F2BA1C6ECEFD00C283A5 /* PhunwareTestSwift-Bridging-Header.h */ = {isa = PBXFileReference; lastKnownFileType = sourcecode.c.h; path = "PhunwareTestSwift-Bridging-Header.h"; sourceTree = "<group>"; };
		00F3F2BB1C6ECEFE00C283A5 /* GMHudView.h */ = {isa = PBXFileReference; fileEncoding = 4; lastKnownFileType = sourcecode.c.h; path = GMHudView.h; sourceTree = "<group>"; };
		00F3F2BC1C6ECEFE00C283A5 /* GMHudView.m */ = {isa = PBXFileReference; fileEncoding = 4; lastKnownFileType = sourcecode.c.objc; path = GMHudView.m; sourceTree = "<group>"; };
		00F3F2BD1C6ECEFE00C283A5 /* GMHUDWindow.h */ = {isa = PBXFileReference; fileEncoding = 4; lastKnownFileType = sourcecode.c.h; path = GMHUDWindow.h; sourceTree = "<group>"; };
		00F3F2BE1C6ECEFE00C283A5 /* GMHUDWindow.m */ = {isa = PBXFileReference; fileEncoding = 4; lastKnownFileType = sourcecode.c.objc; path = GMHUDWindow.m; sourceTree = "<group>"; };
		00F3F2BF1C6ECEFE00C283A5 /* GMHUDWindowViewController.h */ = {isa = PBXFileReference; fileEncoding = 4; lastKnownFileType = sourcecode.c.h; path = GMHUDWindowViewController.h; sourceTree = "<group>"; };
		00F3F2C01C6ECEFE00C283A5 /* GMHUDWindowViewController.m */ = {isa = PBXFileReference; fileEncoding = 4; lastKnownFileType = sourcecode.c.objc; path = GMHUDWindowViewController.m; sourceTree = "<group>"; };
		00F3F2C41C6ED6E100C283A5 /* ViewControllerSpec.swift */ = {isa = PBXFileReference; fileEncoding = 4; lastKnownFileType = sourcecode.swift; path = ViewControllerSpec.swift; sourceTree = "<group>"; };
		00F3F2C61C6ED81E00C283A5 /* Quick.framework */ = {isa = PBXFileReference; lastKnownFileType = wrapper.framework; name = Quick.framework; path = "Pods/../build/Debug-iphoneos/Quick.framework"; sourceTree = "<group>"; };
		37C239971F5C35176C31DD75 /* Pods-PhunwareTestSwift.debug.xcconfig */ = {isa = PBXFileReference; includeInIndex = 1; lastKnownFileType = text.xcconfig; name = "Pods-PhunwareTestSwift.debug.xcconfig"; path = "Pods/Target Support Files/Pods-PhunwareTestSwift/Pods-PhunwareTestSwift.debug.xcconfig"; sourceTree = "<group>"; };
		51752EFA9E50EB5B7EEB4D50 /* Pods-PhunwareTestSwiftTests.release.xcconfig */ = {isa = PBXFileReference; includeInIndex = 1; lastKnownFileType = text.xcconfig; name = "Pods-PhunwareTestSwiftTests.release.xcconfig"; path = "Pods/Target Support Files/Pods-PhunwareTestSwiftTests/Pods-PhunwareTestSwiftTests.release.xcconfig"; sourceTree = "<group>"; };
		62BCE36769CB4DDE79D63624 /* Pods-PhunwareTestSwiftTests.debug.xcconfig */ = {isa = PBXFileReference; includeInIndex = 1; lastKnownFileType = text.xcconfig; name = "Pods-PhunwareTestSwiftTests.debug.xcconfig"; path = "Pods/Target Support Files/Pods-PhunwareTestSwiftTests/Pods-PhunwareTestSwiftTests.debug.xcconfig"; sourceTree = "<group>"; };
		768901F50013C2959228E296 /* Pods_PhunwareTestSwift.framework */ = {isa = PBXFileReference; explicitFileType = wrapper.framework; includeInIndex = 0; path = Pods_PhunwareTestSwift.framework; sourceTree = BUILT_PRODUCTS_DIR; };
		7EB0E832A81E46ACD713D426 /* Pods-PhunwareTestSwift.release.xcconfig */ = {isa = PBXFileReference; includeInIndex = 1; lastKnownFileType = text.xcconfig; name = "Pods-PhunwareTestSwift.release.xcconfig"; path = "Pods/Target Support Files/Pods-PhunwareTestSwift/Pods-PhunwareTestSwift.release.xcconfig"; sourceTree = "<group>"; };
		AE1FFFB6F2B4E968C61F2294 /* Pods_PhunwareTestSwiftTests.framework */ = {isa = PBXFileReference; explicitFileType = wrapper.framework; includeInIndex = 0; path = Pods_PhunwareTestSwiftTests.framework; sourceTree = BUILT_PRODUCTS_DIR; };
/* End PBXFileReference section */

/* Begin PBXFrameworksBuildPhase section */
		0042E5561C699B0E003725CC /* Frameworks */ = {
			isa = PBXFrameworksBuildPhase;
			buildActionMask = 2147483647;
			files = (
				00F3F2B71C6EC0FB00C283A5 /* MessageUI.framework in Frameworks */,
				00F3F2B51C6EC0F500C283A5 /* Accounts.framework in Frameworks */,
				00F3F2B31C6EC0F000C283A5 /* Social.framework in Frameworks */,
				0042E5751C69A014003725CC /* CoreSpotlight.framework in Frameworks */,
				0042E5731C69A005003725CC /* MobileCoreServices.framework in Frameworks */,
				A8AF9ADF607FC7B4AFFC28CF /* Pods_PhunwareTestSwift.framework in Frameworks */,
			);
			runOnlyForDeploymentPostprocessing = 0;
		};
		00F3F2851C6E2E1B00C283A5 /* Frameworks */ = {
			isa = PBXFrameworksBuildPhase;
			buildActionMask = 2147483647;
			files = (
			);
			runOnlyForDeploymentPostprocessing = 0;
		};
		00F3F2961C6E2E6F00C283A5 /* Frameworks */ = {
			isa = PBXFrameworksBuildPhase;
			buildActionMask = 2147483647;
			files = (
				00F3F2C71C6ED81E00C283A5 /* Quick.framework in Frameworks */,
				D99EB1B99128934AC0AC3778 /* Pods_PhunwareTestSwiftTests.framework in Frameworks */,
			);
			runOnlyForDeploymentPostprocessing = 0;
		};
/* End PBXFrameworksBuildPhase section */

/* Begin PBXGroup section */
		0042E5501C699B0E003725CC = {
			isa = PBXGroup;
			children = (
				0042E55B1C699B0E003725CC /* PhunwareTestSwift */,
				00F3F2891C6E2E1B00C283A5 /* PhunwareTestSwiftUITests */,
				00F3F29A1C6E2E6F00C283A5 /* PhunwareTestSwiftTests */,
				0042E55A1C699B0E003725CC /* Products */,
				69A51CA6C4B876D370B4F05B /* Pods */,
				4829ED0EB795E7D933FAE4A4 /* Frameworks */,
			);
			sourceTree = "<group>";
		};
		0042E55A1C699B0E003725CC /* Products */ = {
			isa = PBXGroup;
			children = (
				0042E5591C699B0E003725CC /* PhunwareTestSwift.app */,
				00F3F2881C6E2E1B00C283A5 /* PhunwareTestSwiftUITests.xctest */,
				00F3F2991C6E2E6F00C283A5 /* PhunwareTestSwiftTests.xctest */,
			);
			name = Products;
			sourceTree = "<group>";
		};
		0042E55B1C699B0E003725CC /* PhunwareTestSwift */ = {
			isa = PBXGroup;
			children = (
				00F3F2B91C6ECEF000C283A5 /* Vendor */,
				00F3F2A71C6E370400C283A5 /* API */,
				00F3F2A61C6E36FB00C283A5 /* Model */,
				00F3F2A51C6E36EE00C283A5 /* Views */,
				00F3F2A41C6E36E000C283A5 /* Other Resources */,
				00F3F2A31C6E36D300C283A5 /* Classes */,
			);
			path = PhunwareTestSwift;
			sourceTree = "<group>";
		};
		00F3F2891C6E2E1B00C283A5 /* PhunwareTestSwiftUITests */ = {
			isa = PBXGroup;
			children = (
				00F3F28A1C6E2E1B00C283A5 /* PhunwareTestSwiftUITests.swift */,
				00F3F28C1C6E2E1B00C283A5 /* Info.plist */,
			);
			path = PhunwareTestSwiftUITests;
			sourceTree = "<group>";
		};
		00F3F29A1C6E2E6F00C283A5 /* PhunwareTestSwiftTests */ = {
			isa = PBXGroup;
			children = (
				00F3F29B1C6E2E6F00C283A5 /* PhunwareTestSwiftTests.swift */,
				00F3F29D1C6E2E6F00C283A5 /* Info.plist */,
				00F3F2C41C6ED6E100C283A5 /* ViewControllerSpec.swift */,
			);
			path = PhunwareTestSwiftTests;
			sourceTree = "<group>";
		};
		00F3F2A31C6E36D300C283A5 /* Classes */ = {
			isa = PBXGroup;
			children = (
				00F3F2B01C6E89FE00C283A5 /* UIImageView+AFNetworking.swift */,
				0042E55C1C699B0E003725CC /* AppDelegate.swift */,
				0042E5761C69BA79003725CC /* PostCollectionViewCell.swift */,
				0042E5701C699C50003725CC /* MasterCollectionViewController.swift */,
				0042E5601C699B0E003725CC /* DetailViewController.swift */,
			);
			name = Classes;
			sourceTree = "<group>";
		};
		00F3F2A41C6E36E000C283A5 /* Other Resources */ = {
			isa = PBXGroup;
			children = (
				0042E5651C699B0E003725CC /* Assets.xcassets */,
				0042E5671C699B0E003725CC /* LaunchScreen.storyboard */,
				0042E56A1C699B0E003725CC /* Info.plist */,
			);
			name = "Other Resources";
			sourceTree = "<group>";
		};
		00F3F2A51C6E36EE00C283A5 /* Views */ = {
			isa = PBXGroup;
			children = (
				0042E5621C699B0E003725CC /* Main.storyboard */,
			);
			name = Views;
			sourceTree = "<group>";
		};
		00F3F2A61C6E36FB00C283A5 /* Model */ = {
			isa = PBXGroup;
			children = (
				0065DC9A1C6AF8310092D7B5 /* StarWars.swift */,
			);
			name = Model;
			sourceTree = "<group>";
		};
		00F3F2A71C6E370400C283A5 /* API */ = {
			isa = PBXGroup;
			children = (
				00F3F2A81C6E372A00C283A5 /* FeedAPI.swift */,
			);
			name = API;
			sourceTree = "<group>";
		};
		00F3F2B91C6ECEF000C283A5 /* Vendor */ = {
			isa = PBXGroup;
			children = (
				00F3F2BB1C6ECEFE00C283A5 /* GMHudView.h */,
				00F3F2BC1C6ECEFE00C283A5 /* GMHudView.m */,
				00F3F2BD1C6ECEFE00C283A5 /* GMHUDWindow.h */,
				00F3F2BE1C6ECEFE00C283A5 /* GMHUDWindow.m */,
				00F3F2BF1C6ECEFE00C283A5 /* GMHUDWindowViewController.h */,
				00F3F2C01C6ECEFE00C283A5 /* GMHUDWindowViewController.m */,
				00F3F2BA1C6ECEFD00C283A5 /* PhunwareTestSwift-Bridging-Header.h */,
			);
			name = Vendor;
			sourceTree = "<group>";
		};
		4829ED0EB795E7D933FAE4A4 /* Frameworks */ = {
			isa = PBXGroup;
			children = (
				00F3F2C61C6ED81E00C283A5 /* Quick.framework */,
				00F3F2B61C6EC0FB00C283A5 /* MessageUI.framework */,
				00F3F2B41C6EC0F500C283A5 /* Accounts.framework */,
				00F3F2B21C6EC0EF00C283A5 /* Social.framework */,
				0042E5741C69A014003725CC /* CoreSpotlight.framework */,
				0042E5721C69A005003725CC /* MobileCoreServices.framework */,
				768901F50013C2959228E296 /* Pods_PhunwareTestSwift.framework */,
				AE1FFFB6F2B4E968C61F2294 /* Pods_PhunwareTestSwiftTests.framework */,
			);
			name = Frameworks;
			sourceTree = "<group>";
		};
		69A51CA6C4B876D370B4F05B /* Pods */ = {
			isa = PBXGroup;
			children = (
				37C239971F5C35176C31DD75 /* Pods-PhunwareTestSwift.debug.xcconfig */,
				7EB0E832A81E46ACD713D426 /* Pods-PhunwareTestSwift.release.xcconfig */,
				62BCE36769CB4DDE79D63624 /* Pods-PhunwareTestSwiftTests.debug.xcconfig */,
				51752EFA9E50EB5B7EEB4D50 /* Pods-PhunwareTestSwiftTests.release.xcconfig */,
			);
			name = Pods;
			sourceTree = "<group>";
		};
/* End PBXGroup section */

/* Begin PBXNativeTarget section */
		0042E5581C699B0E003725CC /* PhunwareTestSwift */ = {
			isa = PBXNativeTarget;
			buildConfigurationList = 0042E56D1C699B0E003725CC /* Build configuration list for PBXNativeTarget "PhunwareTestSwift" */;
			buildPhases = (
				A81AA0CF7167E287546B0660 /* Check Pods Manifest.lock */,
				0042E5551C699B0E003725CC /* Sources */,
				0042E5561C699B0E003725CC /* Frameworks */,
				0042E5571C699B0E003725CC /* Resources */,
				F12584CB0316EB8327FDC496 /* Embed Pods Frameworks */,
				627D1CD7899A04AAEC8817BD /* Copy Pods Resources */,
			);
			buildRules = (
			);
			dependencies = (
			);
			name = PhunwareTestSwift;
			productName = PhunwareTestSwift;
			productReference = 0042E5591C699B0E003725CC /* PhunwareTestSwift.app */;
			productType = "com.apple.product-type.application";
		};
		00F3F2871C6E2E1B00C283A5 /* PhunwareTestSwiftUITests */ = {
			isa = PBXNativeTarget;
			buildConfigurationList = 00F3F28F1C6E2E1B00C283A5 /* Build configuration list for PBXNativeTarget "PhunwareTestSwiftUITests" */;
			buildPhases = (
				00F3F2841C6E2E1B00C283A5 /* Sources */,
				00F3F2851C6E2E1B00C283A5 /* Frameworks */,
				00F3F2861C6E2E1B00C283A5 /* Resources */,
			);
			buildRules = (
			);
			dependencies = (
				00F3F28E1C6E2E1B00C283A5 /* PBXTargetDependency */,
			);
			name = PhunwareTestSwiftUITests;
			productName = PhunwareTestSwiftUITests;
			productReference = 00F3F2881C6E2E1B00C283A5 /* PhunwareTestSwiftUITests.xctest */;
			productType = "com.apple.product-type.bundle.ui-testing";
		};
		00F3F2981C6E2E6F00C283A5 /* PhunwareTestSwiftTests */ = {
			isa = PBXNativeTarget;
			buildConfigurationList = 00F3F2A01C6E2E6F00C283A5 /* Build configuration list for PBXNativeTarget "PhunwareTestSwiftTests" */;
			buildPhases = (
				CD95405BFEB476DBE5D2B11C /* Check Pods Manifest.lock */,
				00F3F2951C6E2E6F00C283A5 /* Sources */,
				00F3F2961C6E2E6F00C283A5 /* Frameworks */,
				00F3F2971C6E2E6F00C283A5 /* Resources */,
				BFD8F2A22E5399D2A0B031C0 /* Embed Pods Frameworks */,
				755592F51EE8A54C970B1D90 /* Copy Pods Resources */,
			);
			buildRules = (
			);
			dependencies = (
				00F3F29F1C6E2E6F00C283A5 /* PBXTargetDependency */,
			);
			name = PhunwareTestSwiftTests;
			productName = PhunwareTestSwiftTests;
			productReference = 00F3F2991C6E2E6F00C283A5 /* PhunwareTestSwiftTests.xctest */;
			productType = "com.apple.product-type.bundle.unit-test";
		};
/* End PBXNativeTarget section */

/* Begin PBXProject section */
		0042E5511C699B0E003725CC /* Project object */ = {
			isa = PBXProject;
			attributes = {
				LastSwiftUpdateCheck = 0720;
				LastUpgradeCheck = 0720;
				ORGANIZATIONNAME = Phunware;
				TargetAttributes = {
					0042E5581C699B0E003725CC = {
						CreatedOnToolsVersion = 7.2.1;
					};
					00F3F2871C6E2E1B00C283A5 = {
						CreatedOnToolsVersion = 7.2.1;
						TestTargetID = 0042E5581C699B0E003725CC;
					};
					00F3F2981C6E2E6F00C283A5 = {
						CreatedOnToolsVersion = 7.2.1;
						TestTargetID = 0042E5581C699B0E003725CC;
					};
				};
			};
			buildConfigurationList = 0042E5541C699B0E003725CC /* Build configuration list for PBXProject "PhunwareTestSwift" */;
			compatibilityVersion = "Xcode 3.2";
			developmentRegion = English;
			hasScannedForEncodings = 0;
			knownRegions = (
				en,
				Base,
			);
			mainGroup = 0042E5501C699B0E003725CC;
			productRefGroup = 0042E55A1C699B0E003725CC /* Products */;
			projectDirPath = "";
			projectRoot = "";
			targets = (
				0042E5581C699B0E003725CC /* PhunwareTestSwift */,
				00F3F2871C6E2E1B00C283A5 /* PhunwareTestSwiftUITests */,
				00F3F2981C6E2E6F00C283A5 /* PhunwareTestSwiftTests */,
			);
		};
/* End PBXProject section */

/* Begin PBXResourcesBuildPhase section */
		0042E5571C699B0E003725CC /* Resources */ = {
			isa = PBXResourcesBuildPhase;
			buildActionMask = 2147483647;
			files = (
				0042E5691C699B0E003725CC /* LaunchScreen.storyboard in Resources */,
				0042E5661C699B0E003725CC /* Assets.xcassets in Resources */,
				0042E5641C699B0E003725CC /* Main.storyboard in Resources */,
			);
			runOnlyForDeploymentPostprocessing = 0;
		};
		00F3F2861C6E2E1B00C283A5 /* Resources */ = {
			isa = PBXResourcesBuildPhase;
			buildActionMask = 2147483647;
			files = (
			);
			runOnlyForDeploymentPostprocessing = 0;
		};
		00F3F2971C6E2E6F00C283A5 /* Resources */ = {
			isa = PBXResourcesBuildPhase;
			buildActionMask = 2147483647;
			files = (
			);
			runOnlyForDeploymentPostprocessing = 0;
		};
/* End PBXResourcesBuildPhase section */

/* Begin PBXShellScriptBuildPhase section */
		627D1CD7899A04AAEC8817BD /* Copy Pods Resources */ = {
			isa = PBXShellScriptBuildPhase;
			buildActionMask = 2147483647;
			files = (
			);
			inputPaths = (
			);
			name = "Copy Pods Resources";
			outputPaths = (
			);
			runOnlyForDeploymentPostprocessing = 0;
			shellPath = /bin/sh;
			shellScript = "\"${SRCROOT}/Pods/Target Support Files/Pods-PhunwareTestSwift/Pods-PhunwareTestSwift-resources.sh\"\n";
			showEnvVarsInLog = 0;
		};
		755592F51EE8A54C970B1D90 /* Copy Pods Resources */ = {
			isa = PBXShellScriptBuildPhase;
			buildActionMask = 2147483647;
			files = (
			);
			inputPaths = (
			);
			name = "Copy Pods Resources";
			outputPaths = (
			);
			runOnlyForDeploymentPostprocessing = 0;
			shellPath = /bin/sh;
			shellScript = "\"${SRCROOT}/Pods/Target Support Files/Pods-PhunwareTestSwiftTests/Pods-PhunwareTestSwiftTests-resources.sh\"\n";
			showEnvVarsInLog = 0;
		};
		A81AA0CF7167E287546B0660 /* Check Pods Manifest.lock */ = {
			isa = PBXShellScriptBuildPhase;
			buildActionMask = 2147483647;
			files = (
			);
			inputPaths = (
			);
			name = "Check Pods Manifest.lock";
			outputPaths = (
			);
			runOnlyForDeploymentPostprocessing = 0;
			shellPath = /bin/sh;
			shellScript = "diff \"${PODS_ROOT}/../Podfile.lock\" \"${PODS_ROOT}/Manifest.lock\" > /dev/null\nif [[ $? != 0 ]] ; then\n    cat << EOM\nerror: The sandbox is not in sync with the Podfile.lock. Run 'pod install' or update your CocoaPods installation.\nEOM\n    exit 1\nfi\n";
			showEnvVarsInLog = 0;
		};
		BFD8F2A22E5399D2A0B031C0 /* Embed Pods Frameworks */ = {
			isa = PBXShellScriptBuildPhase;
			buildActionMask = 2147483647;
			files = (
			);
			inputPaths = (
			);
			name = "Embed Pods Frameworks";
			outputPaths = (
			);
			runOnlyForDeploymentPostprocessing = 0;
			shellPath = /bin/sh;
			shellScript = "\"${SRCROOT}/Pods/Target Support Files/Pods-PhunwareTestSwiftTests/Pods-PhunwareTestSwiftTests-frameworks.sh\"\n";
			showEnvVarsInLog = 0;
		};
		CD95405BFEB476DBE5D2B11C /* Check Pods Manifest.lock */ = {
			isa = PBXShellScriptBuildPhase;
			buildActionMask = 2147483647;
			files = (
			);
			inputPaths = (
			);
			name = "Check Pods Manifest.lock";
			outputPaths = (
			);
			runOnlyForDeploymentPostprocessing = 0;
			shellPath = /bin/sh;
			shellScript = "diff \"${PODS_ROOT}/../Podfile.lock\" \"${PODS_ROOT}/Manifest.lock\" > /dev/null\nif [[ $? != 0 ]] ; then\n    cat << EOM\nerror: The sandbox is not in sync with the Podfile.lock. Run 'pod install' or update your CocoaPods installation.\nEOM\n    exit 1\nfi\n";
			showEnvVarsInLog = 0;
		};
		F12584CB0316EB8327FDC496 /* Embed Pods Frameworks */ = {
			isa = PBXShellScriptBuildPhase;
			buildActionMask = 2147483647;
			files = (
			);
			inputPaths = (
			);
			name = "Embed Pods Frameworks";
			outputPaths = (
			);
			runOnlyForDeploymentPostprocessing = 0;
			shellPath = /bin/sh;
			shellScript = "\"${SRCROOT}/Pods/Target Support Files/Pods-PhunwareTestSwift/Pods-PhunwareTestSwift-frameworks.sh\"\n";
			showEnvVarsInLog = 0;
		};
/* End PBXShellScriptBuildPhase section */

/* Begin PBXSourcesBuildPhase section */
		0042E5551C699B0E003725CC /* Sources */ = {
			isa = PBXSourcesBuildPhase;
			buildActionMask = 2147483647;
			files = (
				00F3F2A91C6E372A00C283A5 /* FeedAPI.swift in Sources */,
				0042E5771C69BA79003725CC /* PostCollectionViewCell.swift in Sources */,
				00F3F2C31C6ECEFE00C283A5 /* GMHUDWindowViewController.m in Sources */,
				0042E5611C699B0E003725CC /* DetailViewController.swift in Sources */,
				00F3F2B11C6E89FE00C283A5 /* UIImageView+AFNetworking.swift in Sources */,
				0042E5711C699C50003725CC /* MasterCollectionViewController.swift in Sources */,
				0042E55D1C699B0E003725CC /* AppDelegate.swift in Sources */,
				00F3F2C11C6ECEFE00C283A5 /* GMHudView.m in Sources */,
				00F3F2C21C6ECEFE00C283A5 /* GMHUDWindow.m in Sources */,
				0065DC9B1C6AF8310092D7B5 /* StarWars.swift in Sources */,
			);
			runOnlyForDeploymentPostprocessing = 0;
		};
		00F3F2841C6E2E1B00C283A5 /* Sources */ = {
			isa = PBXSourcesBuildPhase;
			buildActionMask = 2147483647;
			files = (
				00F3F28B1C6E2E1B00C283A5 /* PhunwareTestSwiftUITests.swift in Sources */,
			);
			runOnlyForDeploymentPostprocessing = 0;
		};
		00F3F2951C6E2E6F00C283A5 /* Sources */ = {
			isa = PBXSourcesBuildPhase;
			buildActionMask = 2147483647;
			files = (
				00F3F29C1C6E2E6F00C283A5 /* PhunwareTestSwiftTests.swift in Sources */,
				00F3F2C51C6ED6E100C283A5 /* ViewControllerSpec.swift in Sources */,
			);
			runOnlyForDeploymentPostprocessing = 0;
		};
/* End PBXSourcesBuildPhase section */

/* Begin PBXTargetDependency section */
		00F3F28E1C6E2E1B00C283A5 /* PBXTargetDependency */ = {
			isa = PBXTargetDependency;
			target = 0042E5581C699B0E003725CC /* PhunwareTestSwift */;
			targetProxy = 00F3F28D1C6E2E1B00C283A5 /* PBXContainerItemProxy */;
		};
		00F3F29F1C6E2E6F00C283A5 /* PBXTargetDependency */ = {
			isa = PBXTargetDependency;
			target = 0042E5581C699B0E003725CC /* PhunwareTestSwift */;
			targetProxy = 00F3F29E1C6E2E6F00C283A5 /* PBXContainerItemProxy */;
		};
/* End PBXTargetDependency section */

/* Begin PBXVariantGroup section */
		0042E5621C699B0E003725CC /* Main.storyboard */ = {
			isa = PBXVariantGroup;
			children = (
				0042E5631C699B0E003725CC /* Base */,
			);
			name = Main.storyboard;
			sourceTree = "<group>";
		};
		0042E5671C699B0E003725CC /* LaunchScreen.storyboard */ = {
			isa = PBXVariantGroup;
			children = (
				0042E5681C699B0E003725CC /* Base */,
			);
			name = LaunchScreen.storyboard;
			sourceTree = "<group>";
		};
/* End PBXVariantGroup section */

/* Begin XCBuildConfiguration section */
		0042E56B1C699B0E003725CC /* Debug */ = {
			isa = XCBuildConfiguration;
			buildSettings = {
				ALWAYS_SEARCH_USER_PATHS = NO;
				CLANG_CXX_LANGUAGE_STANDARD = "gnu++0x";
				CLANG_CXX_LIBRARY = "libc++";
				CLANG_ENABLE_MODULES = YES;
				CLANG_ENABLE_OBJC_ARC = YES;
				CLANG_WARN_BOOL_CONVERSION = YES;
				CLANG_WARN_CONSTANT_CONVERSION = YES;
				CLANG_WARN_DIRECT_OBJC_ISA_USAGE = YES_ERROR;
				CLANG_WARN_EMPTY_BODY = YES;
				CLANG_WARN_ENUM_CONVERSION = YES;
				CLANG_WARN_INT_CONVERSION = YES;
				CLANG_WARN_OBJC_ROOT_CLASS = YES_ERROR;
				CLANG_WARN_UNREACHABLE_CODE = YES;
				CLANG_WARN__DUPLICATE_METHOD_MATCH = YES;
				"CODE_SIGN_IDENTITY[sdk=iphoneos*]" = "iPhone Developer";
				COPY_PHASE_STRIP = NO;
				DEBUG_INFORMATION_FORMAT = dwarf;
				ENABLE_STRICT_OBJC_MSGSEND = YES;
				ENABLE_TESTABILITY = YES;
				GCC_C_LANGUAGE_STANDARD = gnu99;
				GCC_DYNAMIC_NO_PIC = NO;
				GCC_NO_COMMON_BLOCKS = YES;
				GCC_OPTIMIZATION_LEVEL = 0;
				GCC_PREPROCESSOR_DEFINITIONS = (
					"DEBUG=1",
					"$(inherited)",
				);
				GCC_WARN_64_TO_32_BIT_CONVERSION = YES;
				GCC_WARN_ABOUT_RETURN_TYPE = YES_ERROR;
				GCC_WARN_UNDECLARED_SELECTOR = YES;
				GCC_WARN_UNINITIALIZED_AUTOS = YES_AGGRESSIVE;
				GCC_WARN_UNUSED_FUNCTION = YES;
				GCC_WARN_UNUSED_VARIABLE = YES;
				IPHONEOS_DEPLOYMENT_TARGET = 8.0;
				MTL_ENABLE_DEBUG_INFO = YES;
				ONLY_ACTIVE_ARCH = YES;
				SDKROOT = iphoneos;
				SWIFT_OPTIMIZATION_LEVEL = "-Onone";
				TARGETED_DEVICE_FAMILY = "1,2";
			};
			name = Debug;
		};
		0042E56C1C699B0E003725CC /* Release */ = {
			isa = XCBuildConfiguration;
			buildSettings = {
				ALWAYS_SEARCH_USER_PATHS = NO;
				CLANG_CXX_LANGUAGE_STANDARD = "gnu++0x";
				CLANG_CXX_LIBRARY = "libc++";
				CLANG_ENABLE_MODULES = YES;
				CLANG_ENABLE_OBJC_ARC = YES;
				CLANG_WARN_BOOL_CONVERSION = YES;
				CLANG_WARN_CONSTANT_CONVERSION = YES;
				CLANG_WARN_DIRECT_OBJC_ISA_USAGE = YES_ERROR;
				CLANG_WARN_EMPTY_BODY = YES;
				CLANG_WARN_ENUM_CONVERSION = YES;
				CLANG_WARN_INT_CONVERSION = YES;
				CLANG_WARN_OBJC_ROOT_CLASS = YES_ERROR;
				CLANG_WARN_UNREACHABLE_CODE = YES;
				CLANG_WARN__DUPLICATE_METHOD_MATCH = YES;
				"CODE_SIGN_IDENTITY[sdk=iphoneos*]" = "iPhone Developer";
				COPY_PHASE_STRIP = NO;
				DEBUG_INFORMATION_FORMAT = "dwarf-with-dsym";
				ENABLE_NS_ASSERTIONS = NO;
				ENABLE_STRICT_OBJC_MSGSEND = YES;
				GCC_C_LANGUAGE_STANDARD = gnu99;
				GCC_NO_COMMON_BLOCKS = YES;
				GCC_WARN_64_TO_32_BIT_CONVERSION = YES;
				GCC_WARN_ABOUT_RETURN_TYPE = YES_ERROR;
				GCC_WARN_UNDECLARED_SELECTOR = YES;
				GCC_WARN_UNINITIALIZED_AUTOS = YES_AGGRESSIVE;
				GCC_WARN_UNUSED_FUNCTION = YES;
				GCC_WARN_UNUSED_VARIABLE = YES;
				IPHONEOS_DEPLOYMENT_TARGET = 8.0;
				MTL_ENABLE_DEBUG_INFO = NO;
				SDKROOT = iphoneos;
				TARGETED_DEVICE_FAMILY = "1,2";
				VALIDATE_PRODUCT = YES;
			};
			name = Release;
		};
		0042E56E1C699B0E003725CC /* Debug */ = {
			isa = XCBuildConfiguration;
			baseConfigurationReference = 37C239971F5C35176C31DD75 /* Pods-PhunwareTestSwift.debug.xcconfig */;
			buildSettings = {
				ASSETCATALOG_COMPILER_APPICON_NAME = AppIcon;
				CLANG_ENABLE_MODULES = YES;
				INFOPLIST_FILE = PhunwareTestSwift/Info.plist;
				IPHONEOS_DEPLOYMENT_TARGET = 8.0;
				LD_RUNPATH_SEARCH_PATHS = "$(inherited) @executable_path/Frameworks";
				PRODUCT_BUNDLE_IDENTIFIER = com.phunware.PhunwareTestSwift;
				PRODUCT_NAME = "$(TARGET_NAME)";
				SWIFT_OBJC_BRIDGING_HEADER = "PhunwareTestSwift/PhunwareTestSwift-Bridging-Header.h";
				SWIFT_OPTIMIZATION_LEVEL = "-Onone";
			};
			name = Debug;
		};
		0042E56F1C699B0E003725CC /* Release */ = {
			isa = XCBuildConfiguration;
			baseConfigurationReference = 7EB0E832A81E46ACD713D426 /* Pods-PhunwareTestSwift.release.xcconfig */;
			buildSettings = {
				ASSETCATALOG_COMPILER_APPICON_NAME = AppIcon;
				CLANG_ENABLE_MODULES = YES;
				INFOPLIST_FILE = PhunwareTestSwift/Info.plist;
				IPHONEOS_DEPLOYMENT_TARGET = 8.0;
				LD_RUNPATH_SEARCH_PATHS = "$(inherited) @executable_path/Frameworks";
				PRODUCT_BUNDLE_IDENTIFIER = com.phunware.PhunwareTestSwift;
				PRODUCT_NAME = "$(TARGET_NAME)";
				SWIFT_OBJC_BRIDGING_HEADER = "PhunwareTestSwift/PhunwareTestSwift-Bridging-Header.h";
			};
			name = Release;
		};
		00F3F2901C6E2E1B00C283A5 /* Debug */ = {
			isa = XCBuildConfiguration;
			buildSettings = {
				INFOPLIST_FILE = PhunwareTestSwiftUITests/Info.plist;
				IPHONEOS_DEPLOYMENT_TARGET = 9.2;
				LD_RUNPATH_SEARCH_PATHS = "$(inherited) @executable_path/Frameworks @loader_path/Frameworks";
				PRODUCT_BUNDLE_IDENTIFIER = com.phunware.PhunwareTestSwiftUITests;
				PRODUCT_NAME = "$(TARGET_NAME)";
				TEST_TARGET_NAME = PhunwareTestSwift;
				USES_XCTRUNNER = YES;
			};
			name = Debug;
		};
		00F3F2911C6E2E1B00C283A5 /* Release */ = {
			isa = XCBuildConfiguration;
			buildSettings = {
				INFOPLIST_FILE = PhunwareTestSwiftUITests/Info.plist;
				IPHONEOS_DEPLOYMENT_TARGET = 9.2;
				LD_RUNPATH_SEARCH_PATHS = "$(inherited) @executable_path/Frameworks @loader_path/Frameworks";
				PRODUCT_BUNDLE_IDENTIFIER = com.phunware.PhunwareTestSwiftUITests;
				PRODUCT_NAME = "$(TARGET_NAME)";
				TEST_TARGET_NAME = PhunwareTestSwift;
				USES_XCTRUNNER = YES;
			};
			name = Release;
		};
		00F3F2A11C6E2E6F00C283A5 /* Debug */ = {
			isa = XCBuildConfiguration;
			baseConfigurationReference = 62BCE36769CB4DDE79D63624 /* Pods-PhunwareTestSwiftTests.debug.xcconfig */;
			buildSettings = {
				BUNDLE_LOADER = "$(TEST_HOST)";
				FRAMEWORK_SEARCH_PATHS = (
					"$(inherited)",
					"$(PROJECT_DIR)/build/Debug-iphoneos",
				);
				INFOPLIST_FILE = PhunwareTestSwiftTests/Info.plist;
				IPHONEOS_DEPLOYMENT_TARGET = 9.2;
				LD_RUNPATH_SEARCH_PATHS = "$(inherited) @executable_path/Frameworks @loader_path/Frameworks";
				PRODUCT_BUNDLE_IDENTIFIER = com.phunware.PhunwareTestSwiftTests;
				PRODUCT_NAME = "$(TARGET_NAME)";
				TEST_HOST = "$(BUILT_PRODUCTS_DIR)/PhunwareTestSwift.app/PhunwareTestSwift";
			};
			name = Debug;
		};
		00F3F2A21C6E2E6F00C283A5 /* Release */ = {
			isa = XCBuildConfiguration;
			baseConfigurationReference = 51752EFA9E50EB5B7EEB4D50 /* Pods-PhunwareTestSwiftTests.release.xcconfig */;
			buildSettings = {
				BUNDLE_LOADER = "$(TEST_HOST)";
				FRAMEWORK_SEARCH_PATHS = (
					"$(inherited)",
					"$(PROJECT_DIR)/build/Debug-iphoneos",
				);
				INFOPLIST_FILE = PhunwareTestSwiftTests/Info.plist;
				IPHONEOS_DEPLOYMENT_TARGET = 9.2;
				LD_RUNPATH_SEARCH_PATHS = "$(inherited) @executable_path/Frameworks @loader_path/Frameworks";
				PRODUCT_BUNDLE_IDENTIFIER = com.phunware.PhunwareTestSwiftTests;
				PRODUCT_NAME = "$(TARGET_NAME)";
				TEST_HOST = "$(BUILT_PRODUCTS_DIR)/PhunwareTestSwift.app/PhunwareTestSwift";
			};
			name = Release;
		};
/* End XCBuildConfiguration section */

/* Begin XCConfigurationList section */
		0042E5541C699B0E003725CC /* Build configuration list for PBXProject "PhunwareTestSwift" */ = {
			isa = XCConfigurationList;
			buildConfigurations = (
				0042E56B1C699B0E003725CC /* Debug */,
				0042E56C1C699B0E003725CC /* Release */,
			);
			defaultConfigurationIsVisible = 0;
			defaultConfigurationName = Release;
		};
		0042E56D1C699B0E003725CC /* Build configuration list for PBXNativeTarget "PhunwareTestSwift" */ = {
			isa = XCConfigurationList;
			buildConfigurations = (
				0042E56E1C699B0E003725CC /* Debug */,
				0042E56F1C699B0E003725CC /* Release */,
			);
			defaultConfigurationIsVisible = 0;
			defaultConfigurationName = Release;
		};
		00F3F28F1C6E2E1B00C283A5 /* Build configuration list for PBXNativeTarget "PhunwareTestSwiftUITests" */ = {
			isa = XCConfigurationList;
			buildConfigurations = (
				00F3F2901C6E2E1B00C283A5 /* Debug */,
				00F3F2911C6E2E1B00C283A5 /* Release */,
			);
			defaultConfigurationIsVisible = 0;
			defaultConfigurationName = Release;
		};
		00F3F2A01C6E2E6F00C283A5 /* Build configuration list for PBXNativeTarget "PhunwareTestSwiftTests" */ = {
			isa = XCConfigurationList;
			buildConfigurations = (
				00F3F2A11C6E2E6F00C283A5 /* Debug */,
				00F3F2A21C6E2E6F00C283A5 /* Release */,
			);
			defaultConfigurationIsVisible = 0;
			defaultConfigurationName = Release;
		};
/* End XCConfigurationList section */
	};
	rootObject = 0042E5511C699B0E003725CC /* Project object */;
}
